<?xml version="1.0" encoding="utf-8"?>
<Project ToolsVersion="4.0" xmlns="http://schemas.microsoft.com/developer/msbuild/2003">
  <ItemGroup>
    <Filter Include="Isometric">
      <UniqueIdentifier>{58492eae-6620-4ce0-a668-3189bca45d70}</UniqueIdentifier>
    </Filter>
    <Filter Include="Isometric\interface">
      <UniqueIdentifier>{ffbf2f4c-a217-484d-bf23-df6559bb2ba2}</UniqueIdentifier>
    </Filter>
    <Filter Include="Isometric\parser">
      <UniqueIdentifier>{a6431b6f-cd68-4dd1-b177-fe2dd12c916c}</UniqueIdentifier>
    </Filter>
    <Filter Include="include">
      <UniqueIdentifier>{719d4c68-3a1a-49d3-93d6-f5dc380da8c8}</UniqueIdentifier>
    </Filter>
    <Filter Include="Message">
      <UniqueIdentifier>{36f43c10-36bb-49a4-a832-5b8f078b51b5}</UniqueIdentifier>
    </Filter>
    <Filter Include="FSM">
      <UniqueIdentifier>{22989a16-f729-4434-9319-35a99f296b3c}</UniqueIdentifier>
    </Filter>
    <Filter Include="FSM\Common">
      <UniqueIdentifier>{4ab4f7c6-b480-466a-a0c9-2dd9ee5216a8}</UniqueIdentifier>
    </Filter>
    <Filter Include="FSM\LayerFSM">
      <UniqueIdentifier>{65926c7b-fd5e-46ce-8d10-4725a52ddf82}</UniqueIdentifier>
    </Filter>
    <Filter Include="Components">
      <UniqueIdentifier>{a214be2d-cbbc-4446-a6ac-862fac475f7d}</UniqueIdentifier>
    </Filter>
    <Filter Include="Event">
      <UniqueIdentifier>{01a728c0-7ac1-4302-a68b-03ccfeefabff}</UniqueIdentifier>
    </Filter>
  </ItemGroup>
  <ItemGroup>
    <ClInclude Include="..\include\cocos-yhlib.h">
      <Filter>include</Filter>
    </ClInclude>
    <ClInclude Include="..\include\YHLibMacros.h">
      <Filter>include</Filter>
    </ClInclude>
    <ClInclude Include="..\Isometric\CCAstar.h">
      <Filter>Isometric</Filter>
    </ClInclude>
    <ClInclude Include="..\Isometric\CCAstarNode.h">
      <Filter>Isometric</Filter>
    </ClInclude>
    <ClInclude Include="..\Isometric\CCCoordinate.h">
      <Filter>Isometric</Filter>
    </ClInclude>
    <ClInclude Include="..\Isometric\CCISOBatchDynamicComponent.h">
      <Filter>Isometric</Filter>
    </ClInclude>
    <ClInclude Include="..\Isometric\CCISOBatchDynamicTileLayer.h">
      <Filter>Isometric</Filter>
    </ClInclude>
    <ClInclude Include="..\Isometric\CCISOBatchTileLayer.h">
      <Filter>Isometric</Filter>
    </ClInclude>
    <ClInclude Include="..\Isometric\CCISOComponentNode.h">
      <Filter>Isometric</Filter>
    </ClInclude>
    <ClInclude Include="..\Isometric\CCISOCoordinate.h">
      <Filter>Isometric</Filter>
    </ClInclude>
    <ClInclude Include="..\Isometric\CCISODynamicComponent.h">
      <Filter>Isometric</Filter>
    </ClInclude>
    <ClInclude Include="..\Isometric\CCISODynamicTileLayer.h">
      <Filter>Isometric</Filter>
    </ClInclude>
    <ClInclude Include="..\Isometric\CCISOGroundTileLayer.h">
      <Filter>Isometric</Filter>
    </ClInclude>
    <ClInclude Include="..\Isometric\CCISOInfos.h">
      <Filter>Isometric</Filter>
    </ClInclude>
    <ClInclude Include="..\Isometric\CCISOObject.h">
      <Filter>Isometric</Filter>
    </ClInclude>
    <ClInclude Include="..\Isometric\CCISOObjectGroup.h">
      <Filter>Isometric</Filter>
    </ClInclude>
    <ClInclude Include="..\Isometric\CCISOTile.h">
      <Filter>Isometric</Filter>
    </ClInclude>
    <ClInclude Include="..\Isometric\CCISOTileLayer.h">
      <Filter>Isometric</Filter>
    </ClInclude>
    <ClInclude Include="..\Isometric\CCISOTileMap.h">
      <Filter>Isometric</Filter>
    </ClInclude>
    <ClInclude Include="..\Isometric\CCISOTileSet.h">
      <Filter>Isometric</Filter>
    </ClInclude>
    <ClInclude Include="..\Isometric\CCISOTilesetGroup.h">
      <Filter>Isometric</Filter>
    </ClInclude>
    <ClInclude Include="..\Isometric\CCISOXMLReader.h">
      <Filter>Isometric</Filter>
    </ClInclude>
    <ClInclude Include="..\Isometric\CCZIndex.h">
      <Filter>Isometric</Filter>
    </ClInclude>
    <ClInclude Include="..\Isometric\CCZIndexNode.h">
      <Filter>Isometric</Filter>
    </ClInclude>
    <ClInclude Include="..\Isometric\interface\CCISOReaderInterface.h">
      <Filter>Isometric\interface</Filter>
    </ClInclude>
    <ClInclude Include="..\Isometric\parser\CCISOLayerInfo.h">
      <Filter>Isometric\parser</Filter>
    </ClInclude>
    <ClInclude Include="..\Isometric\parser\CCISOMapInfo.h">
      <Filter>Isometric\parser</Filter>
    </ClInclude>
    <ClInclude Include="..\Isometric\parser\CCISOObjectGroupInfo.h">
      <Filter>Isometric\parser</Filter>
    </ClInclude>
    <ClInclude Include="..\Isometric\parser\CCISOObjectInfo.h">
      <Filter>Isometric\parser</Filter>
    </ClInclude>
    <ClInclude Include="..\Isometric\parser\CCISOTileInfo.h">
      <Filter>Isometric\parser</Filter>
    </ClInclude>
    <ClInclude Include="..\Isometric\parser\CCISOTilesetInfo.h">
      <Filter>Isometric\parser</Filter>
    </ClInclude>
    <ClInclude Include="..\Isometric\parser\CCISOXMLParser.h">
      <Filter>Isometric\parser</Filter>
    </ClInclude>
    <ClInclude Include="..\Isometric\CCISOTileMapBuilder.h">
      <Filter>Isometric</Filter>
    </ClInclude>
    <ClInclude Include="..\include\isometric.h">
      <Filter>include</Filter>
    </ClInclude>
    <ClInclude Include="..\Message\CCMessage.h">
      <Filter>Message</Filter>
    </ClInclude>
    <ClInclude Include="..\Message\CCMessageHandler.h">
      <Filter>Message</Filter>
    </ClInclude>
    <ClInclude Include="..\Message\CCMessageManager.h">
      <Filter>Message</Filter>
    </ClInclude>
    <ClInclude Include="..\Message\CCMessageTarget.h">
      <Filter>Message</Filter>
    </ClInclude>
    <ClInclude Include="..\Message\CCNormalMessageManager.h">
      <Filter>Message</Filter>
    </ClInclude>
    <ClInclude Include="..\Message\CCSimpleMessageManager.h">
      <Filter>Message</Filter>
    </ClInclude>
    <ClInclude Include="..\Message\CCMessageManagerInterface.h">
      <Filter>Message</Filter>
    </ClInclude>
    <ClInclude Include="..\FSM\Common\CCFSMMachine.h">
      <Filter>FSM\Common</Filter>
    </ClInclude>
    <ClInclude Include="..\FSM\Common\CCFSMState.h">
      <Filter>FSM\Common</Filter>
    </ClInclude>
    <ClInclude Include="..\FSM\Common\CCFSMDelegateState.h">
      <Filter>FSM\Common</Filter>
    </ClInclude>
    <ClInclude Include="..\FSM\Common\CCFSMParameterState.h">
      <Filter>FSM\Common</Filter>
    </ClInclude>
    <ClInclude Include="..\FSM\Common\CCFSMMachineInterface.h">
      <Filter>FSM\Common</Filter>
    </ClInclude>
    <ClInclude Include="..\FSM\Common\CCFSMStateInterface.h">
      <Filter>FSM\Common</Filter>
    </ClInclude>
    <ClInclude Include="..\FSM\LayerFSM\CCLayerFSMMachine.h">
      <Filter>FSM\LayerFSM</Filter>
    </ClInclude>
    <ClInclude Include="..\Components\CCComponent.h">
      <Filter>Components</Filter>
    </ClInclude>
    <ClInclude Include="..\Components\CCAnimationComponent.h">
      <Filter>Components</Filter>
    </ClInclude>
    <ClInclude Include="..\Components\CCAttackComponent.h">
      <Filter>Components</Filter>
    </ClInclude>
    <ClInclude Include="..\Components\CCAutoAttackComponent.h">
      <Filter>Components</Filter>
    </ClInclude>
    <ClInclude Include="..\Components\CCComponentEntityInterface.h">
      <Filter>Components</Filter>
    </ClInclude>
    <ClInclude Include="..\Components\CCComponentInterface.h">
      <Filter>Components</Filter>
    </ClInclude>
    <ClInclude Include="..\Components\CCManualAttackComponent.h">
      <Filter>Components</Filter>
    </ClInclude>
    <ClInclude Include="..\Components\CCSimpleMoveComponent.h">
      <Filter>Components</Filter>
    </ClInclude>
    <ClInclude Include="..\Event\CCEvent.h">
      <Filter>Event</Filter>
    </ClInclude>
    <ClInclude Include="..\Event\CCEventHandle.h">
      <Filter>Event</Filter>
    </ClInclude>
    <ClInclude Include="..\Event\CCEventListenerManager.h">
      <Filter>Event</Filter>
    </ClInclude>
    <ClInclude Include="..\Event\CCUIEvent.h">
      <Filter>Event</Filter>
    </ClInclude>
    <ClInclude Include="..\Event\CCEventHandleWrap.h">
      <Filter>Event</Filter>
    </ClInclude>
  </ItemGroup>
  <ItemGroup>
    <ClCompile Include="..\Isometric\CCAstar.cpp">
      <Filter>Isometric</Filter>
    </ClCompile>
    <ClCompile Include="..\Isometric\CCAstarNode.cpp">
      <Filter>Isometric</Filter>
    </ClCompile>
    <ClCompile Include="..\Isometric\CCCoordinate.cpp">
      <Filter>Isometric</Filter>
    </ClCompile>
    <ClCompile Include="..\Isometric\CCISOBatchDynamicComponent.cpp">
      <Filter>Isometric</Filter>
    </ClCompile>
    <ClCompile Include="..\Isometric\CCISOBatchDynamicTileLayer.cpp">
      <Filter>Isometric</Filter>
    </ClCompile>
    <ClCompile Include="..\Isometric\CCISOBatchTileLayer.cpp">
      <Filter>Isometric</Filter>
    </ClCompile>
    <ClCompile Include="..\Isometric\CCISOComponentNode.cpp">
      <Filter>Isometric</Filter>
    </ClCompile>
    <ClCompile Include="..\Isometric\CCISODynamicComponent.cpp">
      <Filter>Isometric</Filter>
    </ClCompile>
    <ClCompile Include="..\Isometric\CCISODynamicTileLayer.cpp">
      <Filter>Isometric</Filter>
    </ClCompile>
    <ClCompile Include="..\Isometric\CCISOGroundTileLayer.cpp">
      <Filter>Isometric</Filter>
    </ClCompile>
    <ClCompile Include="..\Isometric\CCISOObject.cpp">
      <Filter>Isometric</Filter>
    </ClCompile>
    <ClCompile Include="..\Isometric\CCISOObjectGroup.cpp">
      <Filter>Isometric</Filter>
    </ClCompile>
    <ClCompile Include="..\Isometric\CCISOTile.cpp">
      <Filter>Isometric</Filter>
    </ClCompile>
    <ClCompile Include="..\Isometric\CCISOTileLayer.cpp">
      <Filter>Isometric</Filter>
    </ClCompile>
    <ClCompile Include="..\Isometric\CCISOTileMap.cpp">
      <Filter>Isometric</Filter>
    </ClCompile>
    <ClCompile Include="..\Isometric\CCISOTileset.cpp">
      <Filter>Isometric</Filter>
    </ClCompile>
    <ClCompile Include="..\Isometric\CCISOTilesetGroup.cpp">
      <Filter>Isometric</Filter>
    </ClCompile>
    <ClCompile Include="..\Isometric\CCISOXMLReader.cpp">
      <Filter>Isometric</Filter>
    </ClCompile>
    <ClCompile Include="..\Isometric\CCZIndex.cpp">
      <Filter>Isometric</Filter>
    </ClCompile>
    <ClCompile Include="..\Isometric\CCZIndexNode.cpp">
      <Filter>Isometric</Filter>
    </ClCompile>
    <ClCompile Include="..\Isometric\parser\CCISOLayerInfo.cpp">
      <Filter>Isometric\parser</Filter>
    </ClCompile>
    <ClCompile Include="..\Isometric\parser\CCISOMapInfo.cpp">
      <Filter>Isometric\parser</Filter>
    </ClCompile>
    <ClCompile Include="..\Isometric\parser\CCISOObjectGroupInfo.cpp">
      <Filter>Isometric\parser</Filter>
    </ClCompile>
    <ClCompile Include="..\Isometric\parser\CCISOObjectInfo.cpp">
      <Filter>Isometric\parser</Filter>
    </ClCompile>
    <ClCompile Include="..\Isometric\parser\CCISOTileInfo.cpp">
      <Filter>Isometric\parser</Filter>
    </ClCompile>
    <ClCompile Include="..\Isometric\parser\CCISOTilesetInfo.cpp">
      <Filter>Isometric\parser</Filter>
    </ClCompile>
    <ClCompile Include="..\Isometric\parser\CCISOXMLParser.cpp">
      <Filter>Isometric\parser</Filter>
    </ClCompile>
    <ClCompile Include="..\Isometric\CCISOTileMapBuilder.cpp">
      <Filter>Isometric</Filter>
    </ClCompile>
    <ClCompile Include="..\Message\CCMessage.cpp">
      <Filter>Message</Filter>
    </ClCompile>
    <ClCompile Include="..\Message\CCMessageHandler.cpp">
      <Filter>Message</Filter>
    </ClCompile>
    <ClCompile Include="..\Message\CCMessageManager.cpp">
      <Filter>Message</Filter>
    </ClCompile>
    <ClCompile Include="..\Message\CCMessageTarget.cpp">
      <Filter>Message</Filter>
    </ClCompile>
    <ClCompile Include="..\Message\CCNormalMessageManager.cpp">
      <Filter>Message</Filter>
    </ClCompile>
    <ClCompile Include="..\Message\CCSimpleMessageManager.cpp">
      <Filter>Message</Filter>
    </ClCompile>
    <ClCompile Include="..\FSM\Common\CCFSMMachine.cpp">
      <Filter>FSM\Common</Filter>
    </ClCompile>
    <ClCompile Include="..\FSM\Common\CCFSMState.cpp">
      <Filter>FSM\Common</Filter>
    </ClCompile>
    <ClCompile Include="..\Components\CCComponent.cpp">
      <Filter>Components</Filter>
    </ClCompile>
    <ClCompile Include="..\Components\CCAnimationComponent.cpp">
      <Filter>Components</Filter>
    </ClCompile>
    <ClCompile Include="..\Components\CCAttackComponent.cpp">
      <Filter>Components</Filter>
    </ClCompile>
    <ClCompile Include="..\Components\CCAutoAttackComponent.cpp">
      <Filter>Components</Filter>
    </ClCompile>
    <ClCompile Include="..\Components\CCManualAttackComponent.cpp">
      <Filter>Components</Filter>
    </ClCompile>
    <ClCompile Include="..\Components\CCSimpleMoveComponent.cpp">
      <Filter>Components</Filter>
    </ClCompile>
    <ClCompile Include="..\Event\CCEvent.cpp">
      <Filter>Event</Filter>
    </ClCompile>
    <ClCompile Include="..\Event\CCEventHandle.cpp">
      <Filter>Event</Filter>
    </ClCompile>
    <ClCompile Include="..\Event\CCEventListenerManager.cpp">
      <Filter>Event</Filter>
    </ClCompile>
    <ClCompile Include="..\Event\CCUIEvent.cpp">
      <Filter>Event</Filter>
    </ClCompile>
    <ClCompile Include="..\Event\CCEventHandleWrap.cpp">
      <Filter>Event</Filter>
    </ClCompile>
  </ItemGroup>
</Project>